
Microsoft Visual Studio Solution File, Format Version 12.00
# Visual Studio Version 16
VisualStudioVersion = 16.0.30717.126
MinimumVisualStudioVersion = 10.0.40219.1
Project("{FAE04EC0-301F-11D3-BF4B-00C04F79EFBC}") = "ducks-simulator-compound-pattern", "ducks-simulator-compound-pattern\ducks-simulator-compound-pattern.csproj", "{5FE4293E-1924-4AFB-A34C-580E06DDF94D}"
EndProject
Global
	GlobalSection(SolutionConfigurationPlatforms) = preSolution
		Debug|Any CPU = Debug|Any CPU
		Release|Any CPU = Release|Any CPU
	EndGlobalSection
	GlobalSection(ProjectConfigurationPlatforms) = postSolution
		{5FE4293E-1924-4AFB-A34C-580E06DDF94D}.Debug|Any CPU.ActiveCfg = Debug|Any CPU
		{5FE4293E-1924-4AFB-A34C-580E06DDF94D}.Debug|Any CPU.Build.0 = Debug|Any CPU
		{5FE4293E-1924-4AFB-A34C-580E06DDF94D}.Release|Any CPU.ActiveCfg = Release|Any CPU
		{5FE4293E-1924-4AFB-A34C-580E06DDF94D}.Release|Any CPU.Build.0 = Release|Any CPU
	EndGlobalSection
	GlobalSection(SolutionProperties) = preSolution
		HideSolutionNode = FALSE
	EndGlobalSection
	GlobalSection(ExtensibilityGlobals) = postSolution
		SolutionGuid = {011C85B8-4E1E-43DB-ADEC-E620E6E95D3A}
	EndGlobalSection
EndGlobal
